
Microsoft Visual Studio Solution File, Format Version 12.00
# Visual Studio Version 16
VisualStudioVersion = 16.0.31105.61
MinimumVisualStudioVersion = 10.0.40219.1
Project("{9A19103F-16F7-4668-BE54-9A1E7A4F7556}") = "DemoApi", "DemoApi\DemoApi.csproj", "{40B497A0-15BD-4C36-A2B9-5C27A42D0D51}"
EndProject
Project("{9A19103F-16F7-4668-BE54-9A1E7A4F7556}") = "DemoApiTests", "..\tests\DemoApiTests\DemoApiTests.csproj", "{CC34807B-8508-4228-8586-1924B9F0061C}"
EndProject
Global
	GlobalSection(SolutionConfigurationPlatforms) = preSolution
		Debug|Any CPU = Debug|Any CPU
		Release|Any CPU = Release|Any CPU
	EndGlobalSection
	GlobalSection(ProjectConfigurationPlatforms) = postSolution
		{40B497A0-15BD-4C36-A2B9-5C27A42D0D51}.Debug|Any CPU.ActiveCfg = Debug|Any CPU
		{40B497A0-15BD-4C36-A2B9-5C27A42D0D51}.Debug|Any CPU.Build.0 = Debug|Any CPU
		{40B497A0-15BD-4C36-A2B9-5C27A42D0D51}.Release|Any CPU.ActiveCfg = Release|Any CPU
		{40B497A0-15BD-4C36-A2B9-5C27A42D0D51}.Release|Any CPU.Build.0 = Release|Any CPU
		{CC34807B-8508-4228-8586-1924B9F0061C}.Debug|Any CPU.ActiveCfg = Debug|Any CPU
		{CC34807B-8508-4228-8586-1924B9F0061C}.Debug|Any CPU.Build.0 = Debug|Any CPU
		{CC34807B-8508-4228-8586-1924B9F0061C}.Release|Any CPU.ActiveCfg = Release|Any CPU
		{CC34807B-8508-4228-8586-1924B9F0061C}.Release|Any CPU.Build.0 = Release|Any CPU
	EndGlobalSection
	GlobalSection(SolutionProperties) = preSolution
		HideSolutionNode = FALSE
	EndGlobalSection
	GlobalSection(ExtensibilityGlobals) = postSolution
		SolutionGuid = {7F53109D-6F72-4135-95A1-D0DC18CD1C25}
	EndGlobalSection
EndGlobal
